
Microsoft Visual Studio Solution File, Format Version 12.00
# Visual Studio Version 17
VisualStudioVersion = 17.11.35222.181
MinimumVisualStudioVersion = 10.0.40219.1
Project("{9A19103F-16F7-4668-BE54-9A1E7A4F7556}") = "APIBooks", "APIBooks\APIBooks.csproj", "{BBE3678B-C1C0-4FB0-9863-A8D686D2259F}"
EndProject
Project("{9A19103F-16F7-4668-BE54-9A1E7A4F7556}") = "APIBooks.DAL", "APIBooks.DAL\APIBooks.DAL.csproj", "{92836109-0CE1-4AA9-B5EF-F4782B71D6CF}"
EndProject
Global
	GlobalSection(SolutionConfigurationPlatforms) = preSolution
		Debug|Any CPU = Debug|Any CPU
		Release|Any CPU = Release|Any CPU
	EndGlobalSection
	GlobalSection(ProjectConfigurationPlatforms) = postSolution
		{BBE3678B-C1C0-4FB0-9863-A8D686D2259F}.Debug|Any CPU.ActiveCfg = Debug|Any CPU
		{BBE3678B-C1C0-4FB0-9863-A8D686D2259F}.Debug|Any CPU.Build.0 = Debug|Any CPU
		{BBE3678B-C1C0-4FB0-9863-A8D686D2259F}.Release|Any CPU.ActiveCfg = Release|Any CPU
		{BBE3678B-C1C0-4FB0-9863-A8D686D2259F}.Release|Any CPU.Build.0 = Release|Any CPU
		{92836109-0CE1-4AA9-B5EF-F4782B71D6CF}.Debug|Any CPU.ActiveCfg = Debug|Any CPU
		{92836109-0CE1-4AA9-B5EF-F4782B71D6CF}.Debug|Any CPU.Build.0 = Debug|Any CPU
		{92836109-0CE1-4AA9-B5EF-F4782B71D6CF}.Release|Any CPU.ActiveCfg = Release|Any CPU
		{92836109-0CE1-4AA9-B5EF-F4782B71D6CF}.Release|Any CPU.Build.0 = Release|Any CPU
	EndGlobalSection
	GlobalSection(SolutionProperties) = preSolution
		HideSolutionNode = FALSE
	EndGlobalSection
	GlobalSection(ExtensibilityGlobals) = postSolution
		SolutionGuid = {34CACEEF-D60E-46F5-9078-FFDA12564464}
	EndGlobalSection
EndGlobal
